// !$*UTF8*$!
{
	archiveVersion = 1;
	classes = {
	};
	objectVersion = 56;
	objects = {

/* Begin PBXBuildFile section */
		535D844E2C25394600CC7889 /* CircularLoading.swift in Sources */ = {isa = PBXBuildFile; fileRef = 535D844D2C25394600CC7889 /* CircularLoading.swift */; };
		535D84502C25398500CC7889 /* EachLink.swift in Sources */ = {isa = PBXBuildFile; fileRef = 535D844F2C25398500CC7889 /* EachLink.swift */; };
		535D84522C2555B600CC7889 /* CapsuleLoading.swift in Sources */ = {isa = PBXBuildFile; fileRef = 535D84512C2555B600CC7889 /* CapsuleLoading.swift */; };
		535D84542C255A4100CC7889 /* CircleWaveLoading.swift in Sources */ = {isa = PBXBuildFile; fileRef = 535D84532C255A4100CC7889 /* CircleWaveLoading.swift */; };
		535D84562C25623600CC7889 /* ArcLoading.swift in Sources */ = {isa = PBXBuildFile; fileRef = 535D84552C25623600CC7889 /* ArcLoading.swift */; };
		53B962612C2537EE00840346 /* TestingUIComponentsApp.swift in Sources */ = {isa = PBXBuildFile; fileRef = 53B962602C2537EE00840346 /* TestingUIComponentsApp.swift */; };
		53B962652C2537EF00840346 /* Assets.xcassets in Resources */ = {isa = PBXBuildFile; fileRef = 53B962642C2537EF00840346 /* Assets.xcassets */; };
		53B962682C2537EF00840346 /* Preview Assets.xcassets in Resources */ = {isa = PBXBuildFile; fileRef = 53B962672C2537EF00840346 /* Preview Assets.xcassets */; };
		53B962712C25382200840346 /* HomePage.swift in Sources */ = {isa = PBXBuildFile; fileRef = 53B962702C25382200840346 /* HomePage.swift */; };
/* End PBXBuildFile section */

/* Begin PBXFileReference section */
		535D844D2C25394600CC7889 /* CircularLoading.swift */ = {isa = PBXFileReference; lastKnownFileType = sourcecode.swift; path = CircularLoading.swift; sourceTree = "<group>"; };
		535D844F2C25398500CC7889 /* EachLink.swift */ = {isa = PBXFileReference; lastKnownFileType = sourcecode.swift; path = EachLink.swift; sourceTree = "<group>"; };
		535D84512C2555B600CC7889 /* CapsuleLoading.swift */ = {isa = PBXFileReference; lastKnownFileType = sourcecode.swift; path = CapsuleLoading.swift; sourceTree = "<group>"; };
		535D84532C255A4100CC7889 /* CircleWaveLoading.swift */ = {isa = PBXFileReference; lastKnownFileType = sourcecode.swift; path = CircleWaveLoading.swift; sourceTree = "<group>"; };
		535D84552C25623600CC7889 /* ArcLoading.swift */ = {isa = PBXFileReference; lastKnownFileType = sourcecode.swift; path = ArcLoading.swift; sourceTree = "<group>"; };
		53B9625D2C2537EE00840346 /* TestingUIComponents.app */ = {isa = PBXFileReference; explicitFileType = wrapper.application; includeInIndex = 0; path = TestingUIComponents.app; sourceTree = BUILT_PRODUCTS_DIR; };
		53B962602C2537EE00840346 /* TestingUIComponentsApp.swift */ = {isa = PBXFileReference; lastKnownFileType = sourcecode.swift; path = TestingUIComponentsApp.swift; sourceTree = "<group>"; };
		53B962642C2537EF00840346 /* Assets.xcassets */ = {isa = PBXFileReference; lastKnownFileType = folder.assetcatalog; path = Assets.xcassets; sourceTree = "<group>"; };
		53B962672C2537EF00840346 /* Preview Assets.xcassets */ = {isa = PBXFileReference; lastKnownFileType = folder.assetcatalog; path = "Preview Assets.xcassets"; sourceTree = "<group>"; };
		53B962702C25382200840346 /* HomePage.swift */ = {isa = PBXFileReference; lastKnownFileType = sourcecode.swift; path = HomePage.swift; sourceTree = "<group>"; };
/* End PBXFileReference section */

/* Begin PBXFrameworksBuildPhase section */
		53B9625A2C2537EE00840346 /* Frameworks */ = {
			isa = PBXFrameworksBuildPhase;
			buildActionMask = 2147483647;
			files = (
			);
			runOnlyForDeploymentPostprocessing = 0;
		};
/* End PBXFrameworksBuildPhase section */

/* Begin PBXGroup section */
		53B962542C2537EE00840346 = {
			isa = PBXGroup;
			children = (
				53B9625F2C2537EE00840346 /* TestingUIComponents */,
				53B9625E2C2537EE00840346 /* Products */,
			);
			sourceTree = "<group>";
		};
		53B9625E2C2537EE00840346 /* Products */ = {
			isa = PBXGroup;
			children = (
				53B9625D2C2537EE00840346 /* TestingUIComponents.app */,
			);
			name = Products;
			sourceTree = "<group>";
		};
		53B9625F2C2537EE00840346 /* TestingUIComponents */ = {
			isa = PBXGroup;
			children = (
				53B9626F2C25380200840346 /* UIComponents */,
				53B9626E2C2537FB00840346 /* Pages */,
				53B962602C2537EE00840346 /* TestingUIComponentsApp.swift */,
				53B962642C2537EF00840346 /* Assets.xcassets */,
				53B962662C2537EF00840346 /* Preview Content */,
			);
			path = TestingUIComponents;
			sourceTree = "<group>";
		};
		53B962662C2537EF00840346 /* Preview Content */ = {
			isa = PBXGroup;
			children = (
				53B962672C2537EF00840346 /* Preview Assets.xcassets */,
			);
			path = "Preview Content";
			sourceTree = "<group>";
		};
		53B9626E2C2537FB00840346 /* Pages */ = {
			isa = PBXGroup;
			children = (
				53B962702C25382200840346 /* HomePage.swift */,
			);
			path = Pages;
			sourceTree = "<group>";
		};
		53B9626F2C25380200840346 /* UIComponents */ = {
			isa = PBXGroup;
			children = (
				535D844D2C25394600CC7889 /* CircularLoading.swift */,
				535D844F2C25398500CC7889 /* EachLink.swift */,
				535D84512C2555B600CC7889 /* CapsuleLoading.swift */,
				535D84532C255A4100CC7889 /* CircleWaveLoading.swift */,
				535D84552C25623600CC7889 /* ArcLoading.swift */,
			);
			path = UIComponents;
			sourceTree = "<group>";
		};
/* End PBXGroup section */

/* Begin PBXNativeTarget section */
		53B9625C2C2537EE00840346 /* TestingUIComponents */ = {
			isa = PBXNativeTarget;
			buildConfigurationList = 53B9626B2C2537EF00840346 /* Build configuration list for PBXNativeTarget "TestingUIComponents" */;
			buildPhases = (
				53B962592C2537EE00840346 /* Sources */,
				53B9625A2C2537EE00840346 /* Frameworks */,
				53B9625B2C2537EE00840346 /* Resources */,
			);
			buildRules = (
			);
			dependencies = (
			);
			name = TestingUIComponents;
			productName = TestingUIComponents;
			productReference = 53B9625D2C2537EE00840346 /* TestingUIComponents.app */;
			productType = "com.apple.product-type.application";
		};
/* End PBXNativeTarget section */

/* Begin PBXProject section */
		53B962552C2537EE00840346 /* Project object */ = {
			isa = PBXProject;
			attributes = {
				BuildIndependentTargetsInParallel = 1;
				LastSwiftUpdateCheck = 1540;
				LastUpgradeCheck = 1540;
				TargetAttributes = {
					53B9625C2C2537EE00840346 = {
						CreatedOnToolsVersion = 15.4;
					};
				};
			};
			buildConfigurationList = 53B962582C2537EE00840346 /* Build configuration list for PBXProject "TestingUIComponents" */;
			compatibilityVersion = "Xcode 14.0";
			developmentRegion = en;
			hasScannedForEncodings = 0;
			knownRegions = (
				en,
				Base,
			);
			mainGroup = 53B962542C2537EE00840346;
			productRefGroup = 53B9625E2C2537EE00840346 /* Products */;
			projectDirPath = "";
			projectRoot = "";
			targets = (
				53B9625C2C2537EE00840346 /* TestingUIComponents */,
			);
		};
/* End PBXProject section */

/* Begin PBXResourcesBuildPhase section */
		53B9625B2C2537EE00840346 /* Resources */ = {
			isa = PBXResourcesBuildPhase;
			buildActionMask = 2147483647;
			files = (
				53B962682C2537EF00840346 /* Preview Assets.xcassets in Resources */,
				53B962652C2537EF00840346 /* Assets.xcassets in Resources */,
			);
			runOnlyForDeploymentPostprocessing = 0;
		};
/* End PBXResourcesBuildPhase section */

/* Begin PBXSourcesBuildPhase section */
		53B962592C2537EE00840346 /* Sources */ = {
			isa = PBXSourcesBuildPhase;
			buildActionMask = 2147483647;
			files = (
				535D84502C25398500CC7889 /* EachLink.swift in Sources */,
				535D84522C2555B600CC7889 /* CapsuleLoading.swift in Sources */,
				535D844E2C25394600CC7889 /* CircularLoading.swift in Sources */,
				535D84542C255A4100CC7889 /* CircleWaveLoading.swift in Sources */,
				53B962612C2537EE00840346 /* TestingUIComponentsApp.swift in Sources */,
				53B962712C25382200840346 /* HomePage.swift in Sources */,
				535D84562C25623600CC7889 /* ArcLoading.swift in Sources */,
			);
			runOnlyForDeploymentPostprocessing = 0;
		};
/* End PBXSourcesBuildPhase section */

/* Begin XCBuildConfiguration section */
		53B962692C2537EF00840346 /* Debug */ = {
			isa = XCBuildConfiguration;
			buildSettings = {
				ALWAYS_SEARCH_USER_PATHS = NO;
				ASSETCATALOG_COMPILER_GENERATE_SWIFT_ASSET_SYMBOL_EXTENSIONS = YES;
				CLANG_ANALYZER_NONNULL = YES;
				CLANG_ANALYZER_NUMBER_OBJECT_CONVERSION = YES_AGGRESSIVE;
				CLANG_CXX_LANGUAGE_STANDARD = "gnu++20";
				CLANG_ENABLE_MODULES = YES;
				CLANG_ENABLE_OBJC_ARC = YES;
				CLANG_ENABLE_OBJC_WEAK = YES;
				CLANG_WARN_BLOCK_CAPTURE_AUTORELEASING = YES;
				CLANG_WARN_BOOL_CONVERSION = YES;
				CLANG_WARN_COMMA = YES;
				CLANG_WARN_CONSTANT_CONVERSION = YES;
				CLANG_WARN_DEPRECATED_OBJC_IMPLEMENTATIONS = YES;
				CLANG_WARN_DIRECT_OBJC_ISA_USAGE = YES_ERROR;
				CLANG_WARN_DOCUMENTATION_COMMENTS = YES;
				CLANG_WARN_EMPTY_BODY = YES;
				CLANG_WARN_ENUM_CONVERSION = YES;
				CLANG_WARN_INFINITE_RECURSION = YES;
				CLANG_WARN_INT_CONVERSION = YES;
				CLANG_WARN_NON_LITERAL_NULL_CONVERSION = YES;
				CLANG_WARN_OBJC_IMPLICIT_RETAIN_SELF = YES;
				CLANG_WARN_OBJC_LITERAL_CONVERSION = YES;
				CLANG_WARN_OBJC_ROOT_CLASS = YES_ERROR;
				CLANG_WARN_QUOTED_INCLUDE_IN_FRAMEWORK_HEADER = YES;
				CLANG_WARN_RANGE_LOOP_ANALYSIS = YES;
				CLANG_WARN_STRICT_PROTOTYPES = YES;
				CLANG_WARN_SUSPICIOUS_MOVE = YES;
				CLANG_WARN_UNGUARDED_AVAILABILITY = YES_AGGRESSIVE;
				CLANG_WARN_UNREACHABLE_CODE = YES;
				CLANG_WARN__DUPLICATE_METHOD_MATCH = YES;
				COPY_PHASE_STRIP = NO;
				DEBUG_INFORMATION_FORMAT = dwarf;
				ENABLE_STRICT_OBJC_MSGSEND = YES;
				ENABLE_TESTABILITY = YES;
				ENABLE_USER_SCRIPT_SANDBOXING = YES;
				GCC_C_LANGUAGE_STANDARD = gnu17;
				GCC_DYNAMIC_NO_PIC = NO;
				GCC_NO_COMMON_BLOCKS = YES;
				GCC_OPTIMIZATION_LEVEL = 0;
				GCC_PREPROCESSOR_DEFINITIONS = (
					"DEBUG=1",
					"$(inherited)",
				);
				GCC_WARN_64_TO_32_BIT_CONVERSION = YES;
				GCC_WARN_ABOUT_RETURN_TYPE = YES_ERROR;
				GCC_WARN_UNDECLARED_SELECTOR = YES;
				GCC_WARN_UNINITIALIZED_AUTOS = YES_AGGRESSIVE;
				GCC_WARN_UNUSED_FUNCTION = YES;
				GCC_WARN_UNUSED_VARIABLE = YES;
				IPHONEOS_DEPLOYMENT_TARGET = 17.5;
				LOCALIZATION_PREFERS_STRING_CATALOGS = YES;
				MTL_ENABLE_DEBUG_INFO = INCLUDE_SOURCE;
				MTL_FAST_MATH = YES;
				ONLY_ACTIVE_ARCH = YES;
				SDKROOT = iphoneos;
				SWIFT_ACTIVE_COMPILATION_CONDITIONS = "DEBUG $(inherited)";
				SWIFT_OPTIMIZATION_LEVEL = "-Onone";
			};
			name = Debug;
		};
		53B9626A2C2537EF00840346 /* Release */ = {
			isa = XCBuildConfiguration;
			buildSettings = {
				ALWAYS_SEARCH_USER_PATHS = NO;
				ASSETCATALOG_COMPILER_GENERATE_SWIFT_ASSET_SYMBOL_EXTENSIONS = YES;
				CLANG_ANALYZER_NONNULL = YES;
				CLANG_ANALYZER_NUMBER_OBJECT_CONVERSION = YES_AGGRESSIVE;
				CLANG_CXX_LANGUAGE_STANDARD = "gnu++20";
				CLANG_ENABLE_MODULES = YES;
				CLANG_ENABLE_OBJC_ARC = YES;
				CLANG_ENABLE_OBJC_WEAK = YES;
				CLANG_WARN_BLOCK_CAPTURE_AUTORELEASING = YES;
				CLANG_WARN_BOOL_CONVERSION = YES;
				CLANG_WARN_COMMA = YES;
				CLANG_WARN_CONSTANT_CONVERSION = YES;
				CLANG_WARN_DEPRECATED_OBJC_IMPLEMENTATIONS = YES;
				CLANG_WARN_DIRECT_OBJC_ISA_USAGE = YES_ERROR;
				CLANG_WARN_DOCUMENTATION_COMMENTS = YES;
				CLANG_WARN_EMPTY_BODY = YES;
				CLANG_WARN_ENUM_CONVERSION = YES;
				CLANG_WARN_INFINITE_RECURSION = YES;
				CLANG_WARN_INT_CONVERSION = YES;
				CLANG_WARN_NON_LITERAL_NULL_CONVERSION = YES;
				CLANG_WARN_OBJC_IMPLICIT_RETAIN_SELF = YES;
				CLANG_WARN_OBJC_LITERAL_CONVERSION = YES;
				CLANG_WARN_OBJC_ROOT_CLASS = YES_ERROR;
				CLANG_WARN_QUOTED_INCLUDE_IN_FRAMEWORK_HEADER = YES;
				CLANG_WARN_RANGE_LOOP_ANALYSIS = YES;
				CLANG_WARN_STRICT_PROTOTYPES = YES;
				CLANG_WARN_SUSPICIOUS_MOVE = YES;
				CLANG_WARN_UNGUARDED_AVAILABILITY = YES_AGGRESSIVE;
				CLANG_WARN_UNREACHABLE_CODE = YES;
				CLANG_WARN__DUPLICATE_METHOD_MATCH = YES;
				COPY_PHASE_STRIP = NO;
				DEBUG_INFORMATION_FORMAT = "dwarf-with-dsym";
				ENABLE_NS_ASSERTIONS = NO;
				ENABLE_STRICT_OBJC_MSGSEND = YES;
				ENABLE_USER_SCRIPT_SANDBOXING = YES;
				GCC_C_LANGUAGE_STANDARD = gnu17;
				GCC_NO_COMMON_BLOCKS = YES;
				GCC_WARN_64_TO_32_BIT_CONVERSION = YES;
				GCC_WARN_ABOUT_RETURN_TYPE = YES_ERROR;
				GCC_WARN_UNDECLARED_SELECTOR = YES;
				GCC_WARN_UNINITIALIZED_AUTOS = YES_AGGRESSIVE;
				GCC_WARN_UNUSED_FUNCTION = YES;
				GCC_WARN_UNUSED_VARIABLE = YES;
				IPHONEOS_DEPLOYMENT_TARGET = 17.5;
				LOCALIZATION_PREFERS_STRING_CATALOGS = YES;
				MTL_ENABLE_DEBUG_INFO = NO;
				MTL_FAST_MATH = YES;
				SDKROOT = iphoneos;
				SWIFT_COMPILATION_MODE = wholemodule;
				VALIDATE_PRODUCT = YES;
			};
			name = Release;
		};
		53B9626C2C2537EF00840346 /* Debug */ = {
			isa = XCBuildConfiguration;
			buildSettings = {
				ASSETCATALOG_COMPILER_APPICON_NAME = AppIcon;
				ASSETCATALOG_COMPILER_GLOBAL_ACCENT_COLOR_NAME = AccentColor;
				CODE_SIGN_STYLE = Automatic;
				CURRENT_PROJECT_VERSION = 1;
				DEVELOPMENT_ASSET_PATHS = "\"TestingUIComponents/Preview Content\"";
				DEVELOPMENT_TEAM = U53AZWGCD8;
				ENABLE_PREVIEWS = YES;
				GENERATE_INFOPLIST_FILE = YES;
				INFOPLIST_KEY_UIApplicationSceneManifest_Generation = YES;
				INFOPLIST_KEY_UIApplicationSupportsIndirectInputEvents = YES;
				INFOPLIST_KEY_UILaunchScreen_Generation = YES;
				INFOPLIST_KEY_UISupportedInterfaceOrientations_iPad = "UIInterfaceOrientationPortrait UIInterfaceOrientationPortraitUpsideDown UIInterfaceOrientationLandscapeLeft UIInterfaceOrientationLandscapeRight";
				INFOPLIST_KEY_UISupportedInterfaceOrientations_iPhone = "UIInterfaceOrientationPortrait UIInterfaceOrientationLandscapeLeft UIInterfaceOrientationLandscapeRight";
				LD_RUNPATH_SEARCH_PATHS = (
					"$(inherited)",
					"@executable_path/Frameworks",
				);
				MARKETING_VERSION = 1.0;
				PRODUCT_BUNDLE_IDENTIFIER = com.example.learningswift.TestingUIComponents;
				PRODUCT_NAME = "$(TARGET_NAME)";
				SWIFT_EMIT_LOC_STRINGS = YES;
				SWIFT_VERSION = 5.0;
				TARGETED_DEVICE_FAMILY = "1,2";
			};
			name = Debug;
		};
		53B9626D2C2537EF00840346 /* Release */ = {
			isa = XCBuildConfiguration;
			buildSettings = {
				ASSETCATALOG_COMPILER_APPICON_NAME = AppIcon;
				ASSETCATALOG_COMPILER_GLOBAL_ACCENT_COLOR_NAME = AccentColor;
				CODE_SIGN_STYLE = Automatic;
				CURRENT_PROJECT_VERSION = 1;
				DEVELOPMENT_ASSET_PATHS = "\"TestingUIComponents/Preview Content\"";
				DEVELOPMENT_TEAM = U53AZWGCD8;
				ENABLE_PREVIEWS = YES;
				GENERATE_INFOPLIST_FILE = YES;
				INFOPLIST_KEY_UIApplicationSceneManifest_Generation = YES;
				INFOPLIST_KEY_UIApplicationSupportsIndirectInputEvents = YES;
				INFOPLIST_KEY_UILaunchScreen_Generation = YES;
				INFOPLIST_KEY_UISupportedInterfaceOrientations_iPad = "UIInterfaceOrientationPortrait UIInterfaceOrientationPortraitUpsideDown UIInterfaceOrientationLandscapeLeft UIInterfaceOrientationLandscapeRight";
				INFOPLIST_KEY_UISupportedInterfaceOrientations_iPhone = "UIInterfaceOrientationPortrait UIInterfaceOrientationLandscapeLeft UIInterfaceOrientationLandscapeRight";
				LD_RUNPATH_SEARCH_PATHS = (
					"$(inherited)",
					"@executable_path/Frameworks",
				);
				MARKETING_VERSION = 1.0;
				PRODUCT_BUNDLE_IDENTIFIER = com.example.learningswift.TestingUIComponents;
				PRODUCT_NAME = "$(TARGET_NAME)";
				SWIFT_EMIT_LOC_STRINGS = YES;
				SWIFT_VERSION = 5.0;
				TARGETED_DEVICE_FAMILY = "1,2";
			};
			name = Release;
		};
/* End XCBuildConfiguration section */

/* Begin XCConfigurationList section */
		53B962582C2537EE00840346 /* Build configuration list for PBXProject "TestingUIComponents" */ = {
			isa = XCConfigurationList;
			buildConfigurations = (
				53B962692C2537EF00840346 /* Debug */,
				53B9626A2C2537EF00840346 /* Release */,
			);
			defaultConfigurationIsVisible = 0;
			defaultConfigurationName = Release;
		};
		53B9626B2C2537EF00840346 /* Build configuration list for PBXNativeTarget "TestingUIComponents" */ = {
			isa = XCConfigurationList;
			buildConfigurations = (
				53B9626C2C2537EF00840346 /* Debug */,
				53B9626D2C2537EF00840346 /* Release */,
			);
			defaultConfigurationIsVisible = 0;
			defaultConfigurationName = Release;
		};
/* End XCConfigurationList section */
	};
	rootObject = 53B962552C2537EE00840346 /* Project object */;
}
